// !$*UTF8*$!
{
	archiveVersion = 1;
	classes = {
	};
	objectVersion = 46;
	objects = {

/* Begin PBXBuildFile section */
		AA4CEA901F26361000245921 /* AppDelegate.swift in Sources */ = {isa = PBXBuildFile; fileRef = AA4CEA8F1F26361000245921 /* AppDelegate.swift */; };
		AA4CEA951F26361000245921 /* Main.storyboard in Resources */ = {isa = PBXBuildFile; fileRef = AA4CEA931F26361000245921 /* Main.storyboard */; };
		AA4CEA971F26361000245921 /* Assets.xcassets in Resources */ = {isa = PBXBuildFile; fileRef = AA4CEA961F26361000245921 /* Assets.xcassets */; };
		AA4CEA9A1F26361000245921 /* LaunchScreen.storyboard in Resources */ = {isa = PBXBuildFile; fileRef = AA4CEA981F26361000245921 /* LaunchScreen.storyboard */; };
		AA4CEAA31F26384D00245921 /* LocalAuthentication.framework in Frameworks */ = {isa = PBXBuildFile; fileRef = AA4CEAA21F26384D00245921 /* LocalAuthentication.framework */; };
		AA6ABF231F4740AC00E9C622 /* AuthResponse.swift in Sources */ = {isa = PBXBuildFile; fileRef = AA6ABF221F4740AC00E9C622 /* AuthResponse.swift */; };
		AA6ABF251F47433800E9C622 /* AuthAssertionBuilder.swift in Sources */ = {isa = PBXBuildFile; fileRef = AA6ABF241F47433800E9C622 /* AuthAssertionBuilder.swift */; };
		AA6ABF271F4C618900E9C622 /* Utils.swift in Sources */ = {isa = PBXBuildFile; fileRef = AA6ABF261F4C618900E9C622 /* Utils.swift */; };
		AA6ABF281F4C618900E9C622 /* Utils.swift in Sources */ = {isa = PBXBuildFile; fileRef = AA6ABF261F4C618900E9C622 /* Utils.swift */; };
		AAA6D8D41F34B81D00E014A5 /* Gloss.framework in Frameworks */ = {isa = PBXBuildFile; fileRef = AAA6D8D31F34B81D00E014A5 /* Gloss.framework */; };
		AAA6D8D81F34D2B900E014A5 /* Gloss.framework in Embed Frameworks */ = {isa = PBXBuildFile; fileRef = AAA6D8D31F34B81D00E014A5 /* Gloss.framework */; settings = {ATTRIBUTES = (CodeSignOnCopy, RemoveHeadersOnCopy, ); }; };
		AAA6D8DB1F38FBA300E014A5 /* Alamofire.framework in Frameworks */ = {isa = PBXBuildFile; fileRef = AAA6D8DA1F38FBA300E014A5 /* Alamofire.framework */; };
		AAA6D8DD1F38FD2100E014A5 /* Alamofire.framework in Embed Frameworks */ = {isa = PBXBuildFile; fileRef = AAA6D8DA1F38FBA300E014A5 /* Alamofire.framework */; settings = {ATTRIBUTES = (CodeSignOnCopy, RemoveHeadersOnCopy, ); }; };
		AAD61B481F4486C1007A2D12 /* ViewController.swift in Sources */ = {isa = PBXBuildFile; fileRef = AAD61B471F4486C1007A2D12 /* ViewController.swift */; };
		AAD61B4A1F44A1D1007A2D12 /* ValidRegistrations.swift in Sources */ = {isa = PBXBuildFile; fileRef = AAD61B491F44A1D1007A2D12 /* ValidRegistrations.swift */; };
		AAD61B4C1F45D2BC007A2D12 /* AuthenticateDevice.swift in Sources */ = {isa = PBXBuildFile; fileRef = AAD61B4B1F45D2BC007A2D12 /* AuthenticateDevice.swift */; };
		AAD61B4D1F45D2BC007A2D12 /* AuthenticateDevice.swift in Sources */ = {isa = PBXBuildFile; fileRef = AAD61B4B1F45D2BC007A2D12 /* AuthenticateDevice.swift */; };
		AAE21EAA1F44605C00C8DBE8 /* Constants.swift in Sources */ = {isa = PBXBuildFile; fileRef = AAE21EA91F44605C00C8DBE8 /* Constants.swift */; };
		AAE21EAC1F4463C900C8DBE8 /* Errors.swift in Sources */ = {isa = PBXBuildFile; fileRef = AAE21EAB1F4463C900C8DBE8 /* Errors.swift */; };
		AAE787CB1F3BA8F500CE446D /* CryptoSwift.framework in Frameworks */ = {isa = PBXBuildFile; fileRef = AAE787CA1F3BA8F500CE446D /* CryptoSwift.framework */; };
		AAE787CC1F3BA8F500CE446D /* CryptoSwift.framework in Embed Frameworks */ = {isa = PBXBuildFile; fileRef = AAE787CA1F3BA8F500CE446D /* CryptoSwift.framework */; settings = {ATTRIBUTES = (CodeSignOnCopy, RemoveHeadersOnCopy, ); }; };
		AAE787D81F3C8C8A00CE446D /* Violet_AnteaterTests.swift in Sources */ = {isa = PBXBuildFile; fileRef = AAE787D71F3C8C8A00CE446D /* Violet_AnteaterTests.swift */; };
		AAE787E21F3C8D1600CE446D /* AssertionTests.swift in Sources */ = {isa = PBXBuildFile; fileRef = AAE787E11F3C8D1600CE446D /* AssertionTests.swift */; };
		AAE787E71F3C99C600CE446D /* Gloss.framework in Frameworks */ = {isa = PBXBuildFile; fileRef = AAA6D8D31F34B81D00E014A5 /* Gloss.framework */; };
		AAE787F71F41F80900CE446D /* old.swift in Sources */ = {isa = PBXBuildFile; fileRef = AAE787F61F41F80900CE446D /* old.swift */; };
		AAE787FC1F42FC9100CE446D /* RegisterDevice.swift in Sources */ = {isa = PBXBuildFile; fileRef = AAE787FB1F42FC9100CE446D /* RegisterDevice.swift */; };
		AAE787FD1F42FC9100CE446D /* RegisterDevice.swift in Sources */ = {isa = PBXBuildFile; fileRef = AAE787FB1F42FC9100CE446D /* RegisterDevice.swift */; };
		AAE788171F4306BE00CE446D /* Assertions.swift in Sources */ = {isa = PBXBuildFile; fileRef = AAE7880C1F4306BE00CE446D /* Assertions.swift */; };
		AAE788181F4306BE00CE446D /* Assertions.swift in Sources */ = {isa = PBXBuildFile; fileRef = AAE7880C1F4306BE00CE446D /* Assertions.swift */; };
		AAE788191F4306BE00CE446D /* RegAssertionsBuilder.swift in Sources */ = {isa = PBXBuildFile; fileRef = AAE7880D1F4306BE00CE446D /* RegAssertionsBuilder.swift */; };
		AAE7881A1F4306BE00CE446D /* RegAssertionsBuilder.swift in Sources */ = {isa = PBXBuildFile; fileRef = AAE7880D1F4306BE00CE446D /* RegAssertionsBuilder.swift */; };
		AAE7881B1F4306BE00CE446D /* Header.swift in Sources */ = {isa = PBXBuildFile; fileRef = AAE7880E1F4306BE00CE446D /* Header.swift */; };
		AAE7881C1F4306BE00CE446D /* Header.swift in Sources */ = {isa = PBXBuildFile; fileRef = AAE7880E1F4306BE00CE446D /* Header.swift */; };
		AAE7881D1F4306BE00CE446D /* KeysManipulation.swift in Sources */ = {isa = PBXBuildFile; fileRef = AAE7880F1F4306BE00CE446D /* KeysManipulation.swift */; };
		AAE7881E1F4306BE00CE446D /* KeysManipulation.swift in Sources */ = {isa = PBXBuildFile; fileRef = AAE7880F1F4306BE00CE446D /* KeysManipulation.swift */; };
		AAE7881F1F4306BE00CE446D /* PropertyKeys.swift in Sources */ = {isa = PBXBuildFile; fileRef = AAE788101F4306BE00CE446D /* PropertyKeys.swift */; };
		AAE788201F4306BE00CE446D /* PropertyKeys.swift in Sources */ = {isa = PBXBuildFile; fileRef = AAE788101F4306BE00CE446D /* PropertyKeys.swift */; };
		AAE788211F4306BE00CE446D /* RegistrationObject.swift in Sources */ = {isa = PBXBuildFile; fileRef = AAE788111F4306BE00CE446D /* RegistrationObject.swift */; };
		AAE788221F4306BE00CE446D /* RegistrationObject.swift in Sources */ = {isa = PBXBuildFile; fileRef = AAE788111F4306BE00CE446D /* RegistrationObject.swift */; };
		AAE788231F4306BE00CE446D /* RegOutcome.swift in Sources */ = {isa = PBXBuildFile; fileRef = AAE788121F4306BE00CE446D /* RegOutcome.swift */; };
		AAE788241F4306BE00CE446D /* RegOutcome.swift in Sources */ = {isa = PBXBuildFile; fileRef = AAE788121F4306BE00CE446D /* RegOutcome.swift */; };
		AAE788251F4306BE00CE446D /* GetRequest.swift in Sources */ = {isa = PBXBuildFile; fileRef = AAE788131F4306BE00CE446D /* GetRequest.swift */; };
		AAE788261F4306BE00CE446D /* GetRequest.swift in Sources */ = {isa = PBXBuildFile; fileRef = AAE788131F4306BE00CE446D /* GetRequest.swift */; };
		AAE788271F4306BE00CE446D /* RegResponse.swift in Sources */ = {isa = PBXBuildFile; fileRef = AAE788141F4306BE00CE446D /* RegResponse.swift */; };
		AAE788281F4306BE00CE446D /* RegResponse.swift in Sources */ = {isa = PBXBuildFile; fileRef = AAE788141F4306BE00CE446D /* RegResponse.swift */; };
		AAE788291F4306BE00CE446D /* RequestBuilder.swift in Sources */ = {isa = PBXBuildFile; fileRef = AAE788151F4306BE00CE446D /* RequestBuilder.swift */; };
		AAE7882A1F4306BE00CE446D /* RequestBuilder.swift in Sources */ = {isa = PBXBuildFile; fileRef = AAE788151F4306BE00CE446D /* RequestBuilder.swift */; };
		AAE7882B1F4306BE00CE446D /* Tags.swift in Sources */ = {isa = PBXBuildFile; fileRef = AAE788161F4306BE00CE446D /* Tags.swift */; };
		AAE7882C1F4306BE00CE446D /* Tags.swift in Sources */ = {isa = PBXBuildFile; fileRef = AAE788161F4306BE00CE446D /* Tags.swift */; };
		AAE7882F1F432B9500CE446D /* RegisteredAccountTableViewCell.swift in Sources */ = {isa = PBXBuildFile; fileRef = AAE7882E1F432B9500CE446D /* RegisteredAccountTableViewCell.swift */; };
		AAE788301F432B9500CE446D /* RegisteredAccountTableViewCell.swift in Sources */ = {isa = PBXBuildFile; fileRef = AAE7882E1F432B9500CE446D /* RegisteredAccountTableViewCell.swift */; };
		AAE788321F432E4500CE446D /* RegisteredAccountTableViewController.swift in Sources */ = {isa = PBXBuildFile; fileRef = AAE788311F432E4500CE446D /* RegisteredAccountTableViewController.swift */; };
		AAEDA3FD1F66BB9400CB67BB /* Register.swift in Sources */ = {isa = PBXBuildFile; fileRef = AAEDA3FC1F66BB9400CB67BB /* Register.swift */; };
		AAEF2ADE1F618C8700834F26 /* QRScannerViewController.swift in Sources */ = {isa = PBXBuildFile; fileRef = AAEF2ADD1F618C8600834F26 /* QRScannerViewController.swift */; };
		AAEF2ADF1F618C8700834F26 /* QRScannerViewController.swift in Sources */ = {isa = PBXBuildFile; fileRef = AAEF2ADD1F618C8600834F26 /* QRScannerViewController.swift */; };
/* End PBXBuildFile section */

/* Begin PBXContainerItemProxy section */
		AAE787DA1F3C8C8A00CE446D /* PBXContainerItemProxy */ = {
			isa = PBXContainerItemProxy;
			containerPortal = AA4CEA841F26361000245921 /* Project object */;
			proxyType = 1;
			remoteGlobalIDString = AA4CEA8B1F26361000245921;
			remoteInfo = TouchIDDemo;
		};
/* End PBXContainerItemProxy section */

/* Begin PBXCopyFilesBuildPhase section */
		AAA6D8D91F34D2B900E014A5 /* Embed Frameworks */ = {
			isa = PBXCopyFilesBuildPhase;
			buildActionMask = 2147483647;
			dstPath = "";
			dstSubfolderSpec = 10;
			files = (
				AAE787CC1F3BA8F500CE446D /* CryptoSwift.framework in Embed Frameworks */,
				AAA6D8D81F34D2B900E014A5 /* Gloss.framework in Embed Frameworks */,
				AAA6D8DD1F38FD2100E014A5 /* Alamofire.framework in Embed Frameworks */,
			);
			name = "Embed Frameworks";
			runOnlyForDeploymentPostprocessing = 0;
		};
/* End PBXCopyFilesBuildPhase section */

/* Begin PBXFileReference section */
		AA4CEA8C1F26361000245921 /* Violet Anteater.app */ = {isa = PBXFileReference; explicitFileType = wrapper.application; includeInIndex = 0; path = "Violet Anteater.app"; sourceTree = BUILT_PRODUCTS_DIR; };
		AA4CEA8F1F26361000245921 /* AppDelegate.swift */ = {isa = PBXFileReference; lastKnownFileType = sourcecode.swift; path = AppDelegate.swift; sourceTree = "<group>"; };
		AA4CEA941F26361000245921 /* Base */ = {isa = PBXFileReference; lastKnownFileType = file.storyboard; name = Base; path = Base.lproj/Main.storyboard; sourceTree = "<group>"; };
		AA4CEA961F26361000245921 /* Assets.xcassets */ = {isa = PBXFileReference; lastKnownFileType = folder.assetcatalog; path = Assets.xcassets; sourceTree = "<group>"; };
		AA4CEA991F26361000245921 /* Base */ = {isa = PBXFileReference; lastKnownFileType = file.storyboard; name = Base; path = Base.lproj/LaunchScreen.storyboard; sourceTree = "<group>"; };
		AA4CEA9B1F26361000245921 /* Info.plist */ = {isa = PBXFileReference; lastKnownFileType = text.plist.xml; path = Info.plist; sourceTree = "<group>"; };
		AA4CEAA21F26384D00245921 /* LocalAuthentication.framework */ = {isa = PBXFileReference; lastKnownFileType = wrapper.framework; name = LocalAuthentication.framework; path = System/Library/Frameworks/LocalAuthentication.framework; sourceTree = SDKROOT; };
		AA6ABF221F4740AC00E9C622 /* AuthResponse.swift */ = {isa = PBXFileReference; fileEncoding = 4; lastKnownFileType = sourcecode.swift; path = AuthResponse.swift; sourceTree = "<group>"; };
		AA6ABF241F47433800E9C622 /* AuthAssertionBuilder.swift */ = {isa = PBXFileReference; fileEncoding = 4; lastKnownFileType = sourcecode.swift; path = AuthAssertionBuilder.swift; sourceTree = "<group>"; };
		AA6ABF261F4C618900E9C622 /* Utils.swift */ = {isa = PBXFileReference; fileEncoding = 4; lastKnownFileType = sourcecode.swift; path = Utils.swift; sourceTree = "<group>"; };
		AAA6D8D31F34B81D00E014A5 /* Gloss.framework */ = {isa = PBXFileReference; lastKnownFileType = wrapper.framework; name = Gloss.framework; path = Carthage/Build/iOS/Gloss.framework; sourceTree = "<group>"; };
		AAA6D8DA1F38FBA300E014A5 /* Alamofire.framework */ = {isa = PBXFileReference; lastKnownFileType = wrapper.framework; name = Alamofire.framework; path = Carthage/Build/iOS/Alamofire.framework; sourceTree = "<group>"; };
		AAD61B471F4486C1007A2D12 /* ViewController.swift */ = {isa = PBXFileReference; fileEncoding = 4; lastKnownFileType = sourcecode.swift; path = ViewController.swift; sourceTree = "<group>"; };
		AAD61B491F44A1D1007A2D12 /* ValidRegistrations.swift */ = {isa = PBXFileReference; fileEncoding = 4; lastKnownFileType = sourcecode.swift; path = ValidRegistrations.swift; sourceTree = "<group>"; };
		AAD61B4B1F45D2BC007A2D12 /* AuthenticateDevice.swift */ = {isa = PBXFileReference; fileEncoding = 4; lastKnownFileType = sourcecode.swift; path = AuthenticateDevice.swift; sourceTree = "<group>"; };
		AAE21EA91F44605C00C8DBE8 /* Constants.swift */ = {isa = PBXFileReference; fileEncoding = 4; lastKnownFileType = sourcecode.swift; path = Constants.swift; sourceTree = "<group>"; };
		AAE21EAB1F4463C900C8DBE8 /* Errors.swift */ = {isa = PBXFileReference; fileEncoding = 4; lastKnownFileType = sourcecode.swift; name = Errors.swift; path = ../Errors.swift; sourceTree = "<group>"; };
		AAE787CA1F3BA8F500CE446D /* CryptoSwift.framework */ = {isa = PBXFileReference; lastKnownFileType = wrapper.framework; name = CryptoSwift.framework; path = Carthage/Build/iOS/CryptoSwift.framework; sourceTree = "<group>"; };
		AAE787D51F3C8C8A00CE446D /* Violet AnteaterTests.xctest */ = {isa = PBXFileReference; explicitFileType = wrapper.cfbundle; includeInIndex = 0; path = "Violet AnteaterTests.xctest"; sourceTree = BUILT_PRODUCTS_DIR; };
		AAE787D71F3C8C8A00CE446D /* Violet_AnteaterTests.swift */ = {isa = PBXFileReference; lastKnownFileType = sourcecode.swift; path = Violet_AnteaterTests.swift; sourceTree = "<group>"; };
		AAE787D91F3C8C8A00CE446D /* Info.plist */ = {isa = PBXFileReference; lastKnownFileType = text.plist.xml; path = Info.plist; sourceTree = "<group>"; };
		AAE787E11F3C8D1600CE446D /* AssertionTests.swift */ = {isa = PBXFileReference; fileEncoding = 4; lastKnownFileType = sourcecode.swift; path = AssertionTests.swift; sourceTree = "<group>"; };
		AAE787F61F41F80900CE446D /* old.swift */ = {isa = PBXFileReference; fileEncoding = 4; lastKnownFileType = sourcecode.swift; path = old.swift; sourceTree = "<group>"; };
		AAE787FB1F42FC9100CE446D /* RegisterDevice.swift */ = {isa = PBXFileReference; fileEncoding = 4; lastKnownFileType = sourcecode.swift; name = RegisterDevice.swift; path = ../RegisterDevice.swift; sourceTree = "<group>"; };
		AAE7880C1F4306BE00CE446D /* Assertions.swift */ = {isa = PBXFileReference; fileEncoding = 4; lastKnownFileType = sourcecode.swift; name = Assertions.swift; path = Requests/Assertions.swift; sourceTree = "<group>"; };
		AAE7880D1F4306BE00CE446D /* RegAssertionsBuilder.swift */ = {isa = PBXFileReference; fileEncoding = 4; lastKnownFileType = sourcecode.swift; name = RegAssertionsBuilder.swift; path = Requests/RegAssertionsBuilder.swift; sourceTree = "<group>"; };
		AAE7880E1F4306BE00CE446D /* Header.swift */ = {isa = PBXFileReference; fileEncoding = 4; lastKnownFileType = sourcecode.swift; name = Header.swift; path = Requests/Header.swift; sourceTree = "<group>"; };
		AAE7880F1F4306BE00CE446D /* KeysManipulation.swift */ = {isa = PBXFileReference; fileEncoding = 4; lastKnownFileType = sourcecode.swift; name = KeysManipulation.swift; path = Requests/KeysManipulation.swift; sourceTree = "<group>"; };
		AAE788101F4306BE00CE446D /* PropertyKeys.swift */ = {isa = PBXFileReference; fileEncoding = 4; lastKnownFileType = sourcecode.swift; name = PropertyKeys.swift; path = Requests/PropertyKeys.swift; sourceTree = "<group>"; };
		AAE788111F4306BE00CE446D /* RegistrationObject.swift */ = {isa = PBXFileReference; fileEncoding = 4; lastKnownFileType = sourcecode.swift; name = RegistrationObject.swift; path = Requests/RegistrationObject.swift; sourceTree = "<group>"; };
		AAE788121F4306BE00CE446D /* RegOutcome.swift */ = {isa = PBXFileReference; fileEncoding = 4; lastKnownFileType = sourcecode.swift; name = RegOutcome.swift; path = Requests/RegOutcome.swift; sourceTree = "<group>"; };
		AAE788131F4306BE00CE446D /* GetRequest.swift */ = {isa = PBXFileReference; fileEncoding = 4; lastKnownFileType = sourcecode.swift; name = GetRequest.swift; path = Requests/GetRequest.swift; sourceTree = "<group>"; };
		AAE788141F4306BE00CE446D /* RegResponse.swift */ = {isa = PBXFileReference; fileEncoding = 4; lastKnownFileType = sourcecode.swift; name = RegResponse.swift; path = Requests/RegResponse.swift; sourceTree = "<group>"; };
		AAE788151F4306BE00CE446D /* RequestBuilder.swift */ = {isa = PBXFileReference; fileEncoding = 4; lastKnownFileType = sourcecode.swift; name = RequestBuilder.swift; path = Requests/RequestBuilder.swift; sourceTree = "<group>"; };
		AAE788161F4306BE00CE446D /* Tags.swift */ = {isa = PBXFileReference; fileEncoding = 4; lastKnownFileType = sourcecode.swift; name = Tags.swift; path = Requests/Tags.swift; sourceTree = "<group>"; };
		AAE7882E1F432B9500CE446D /* RegisteredAccountTableViewCell.swift */ = {isa = PBXFileReference; fileEncoding = 4; lastKnownFileType = sourcecode.swift; path = RegisteredAccountTableViewCell.swift; sourceTree = "<group>"; };
		AAE788311F432E4500CE446D /* RegisteredAccountTableViewController.swift */ = {isa = PBXFileReference; fileEncoding = 4; lastKnownFileType = sourcecode.swift; path = RegisteredAccountTableViewController.swift; sourceTree = "<group>"; };
		AAEDA3FC1F66BB9400CB67BB /* Register.swift */ = {isa = PBXFileReference; fileEncoding = 4; lastKnownFileType = sourcecode.swift; path = Register.swift; sourceTree = "<group>"; };
		AAEF2ADD1F618C8600834F26 /* QRScannerViewController.swift */ = {isa = PBXFileReference; fileEncoding = 4; lastKnownFileType = sourcecode.swift; path = QRScannerViewController.swift; sourceTree = "<group>"; };
/* End PBXFileReference section */

/* Begin PBXFrameworksBuildPhase section */
		AA4CEA891F26361000245921 /* Frameworks */ = {
			isa = PBXFrameworksBuildPhase;
			buildActionMask = 2147483647;
			files = (
				AAA6D8DB1F38FBA300E014A5 /* Alamofire.framework in Frameworks */,
				AAA6D8D41F34B81D00E014A5 /* Gloss.framework in Frameworks */,
				AA4CEAA31F26384D00245921 /* LocalAuthentication.framework in Frameworks */,
				AAE787CB1F3BA8F500CE446D /* CryptoSwift.framework in Frameworks */,
			);
			runOnlyForDeploymentPostprocessing = 0;
		};
		AAE787D21F3C8C8A00CE446D /* Frameworks */ = {
			isa = PBXFrameworksBuildPhase;
			buildActionMask = 2147483647;
			files = (
				AAE787E71F3C99C600CE446D /* Gloss.framework in Frameworks */,
			);
			runOnlyForDeploymentPostprocessing = 0;
		};
/* End PBXFrameworksBuildPhase section */

/* Begin PBXGroup section */
		AA4CEA831F26361000245921 = {
			isa = PBXGroup;
			children = (
				AA4CEA8E1F26361000245921 /* TouchIDDemo */,
				AAE787D61F3C8C8A00CE446D /* Violet AnteaterTests */,
				AA4CEA8D1F26361000245921 /* Products */,
				AA4CEAA11F26384D00245921 /* Frameworks */,
			);
			sourceTree = "<group>";
		};
		AA4CEA8D1F26361000245921 /* Products */ = {
			isa = PBXGroup;
			children = (
				AA4CEA8C1F26361000245921 /* Violet Anteater.app */,
				AAE787D51F3C8C8A00CE446D /* Violet AnteaterTests.xctest */,
			);
			name = Products;
			sourceTree = "<group>";
		};
		AA4CEA8E1F26361000245921 /* TouchIDDemo */ = {
			isa = PBXGroup;
			children = (
				AAE7882D1F4306F300CE446D /* requests */,
				AA4CEA8F1F26361000245921 /* AppDelegate.swift */,
				AAE21EAB1F4463C900C8DBE8 /* Errors.swift */,
				AAD61B471F4486C1007A2D12 /* ViewController.swift */,
				AAE7882E1F432B9500CE446D /* RegisteredAccountTableViewCell.swift */,
				AAE788311F432E4500CE446D /* RegisteredAccountTableViewController.swift */,
				AAEF2ADD1F618C8600834F26 /* QRScannerViewController.swift */,
				AA6ABF261F4C618900E9C622 /* Utils.swift */,
				AAE787F61F41F80900CE446D /* old.swift */,
				AA4CEA931F26361000245921 /* Main.storyboard */,
				AA4CEA961F26361000245921 /* Assets.xcassets */,
				AA4CEA981F26361000245921 /* LaunchScreen.storyboard */,
				AA4CEA9B1F26361000245921 /* Info.plist */,
			);
			path = TouchIDDemo;
			sourceTree = "<group>";
		};
		AA4CEAA11F26384D00245921 /* Frameworks */ = {
			isa = PBXGroup;
			children = (
				AAE787CA1F3BA8F500CE446D /* CryptoSwift.framework */,
				AAA6D8DA1F38FBA300E014A5 /* Alamofire.framework */,
				AAA6D8D31F34B81D00E014A5 /* Gloss.framework */,
				AA4CEAA21F26384D00245921 /* LocalAuthentication.framework */,
			);
			name = Frameworks;
			sourceTree = "<group>";
		};
		AA6ABF211F473FB200E9C622 /* request forms */ = {
			isa = PBXGroup;
			children = (
				AAE7880C1F4306BE00CE446D /* Assertions.swift */,
				AAE788131F4306BE00CE446D /* GetRequest.swift */,
				AAE788121F4306BE00CE446D /* RegOutcome.swift */,
				AA6ABF221F4740AC00E9C622 /* AuthResponse.swift */,
				AAE788141F4306BE00CE446D /* RegResponse.swift */,
			);
			name = "request forms";
			sourceTree = "<group>";
		};
		AAE787D61F3C8C8A00CE446D /* Violet AnteaterTests */ = {
			isa = PBXGroup;
			children = (
				AAE787D71F3C8C8A00CE446D /* Violet_AnteaterTests.swift */,
				AAE787D91F3C8C8A00CE446D /* Info.plist */,
				AAE787E11F3C8D1600CE446D /* AssertionTests.swift */,
			);
			path = "Violet AnteaterTests";
			sourceTree = "<group>";
		};
		AAE7882D1F4306F300CE446D /* requests */ = {
			isa = PBXGroup;
			children = (
				AA6ABF211F473FB200E9C622 /* request forms */,
				AAE7880D1F4306BE00CE446D /* RegAssertionsBuilder.swift */,
				AA6ABF241F47433800E9C622 /* AuthAssertionBuilder.swift */,
				AAE21EA91F44605C00C8DBE8 /* Constants.swift */,
				AAE7880E1F4306BE00CE446D /* Header.swift */,
				AAE7880F1F4306BE00CE446D /* KeysManipulation.swift */,
				AAE788101F4306BE00CE446D /* PropertyKeys.swift */,
				AAE788111F4306BE00CE446D /* RegistrationObject.swift */,
				AAD61B491F44A1D1007A2D12 /* ValidRegistrations.swift */,
				AAD61B4B1F45D2BC007A2D12 /* AuthenticateDevice.swift */,
				AAE787FB1F42FC9100CE446D /* RegisterDevice.swift */,
				AAEDA3FC1F66BB9400CB67BB /* Register.swift */,
				AAE788151F4306BE00CE446D /* RequestBuilder.swift */,
				AAE788161F4306BE00CE446D /* Tags.swift */,
			);
			name = requests;
			sourceTree = "<group>";
		};
/* End PBXGroup section */

/* Begin PBXNativeTarget section */
		AA4CEA8B1F26361000245921 /* TouchIDDemo */ = {
			isa = PBXNativeTarget;
			buildConfigurationList = AA4CEA9E1F26361000245921 /* Build configuration list for PBXNativeTarget "TouchIDDemo" */;
			buildPhases = (
				AA4CEA881F26361000245921 /* Sources */,
				AA4CEA891F26361000245921 /* Frameworks */,
				AA4CEA8A1F26361000245921 /* Resources */,
				AAA6D8D91F34D2B900E014A5 /* Embed Frameworks */,
			);
			buildRules = (
			);
			dependencies = (
			);
			name = TouchIDDemo;
			productName = TouchIDDemo;
			productReference = AA4CEA8C1F26361000245921 /* Violet Anteater.app */;
			productType = "com.apple.product-type.application";
		};
		AAE787D41F3C8C8A00CE446D /* Violet AnteaterTests */ = {
			isa = PBXNativeTarget;
			buildConfigurationList = AAE787DC1F3C8C8A00CE446D /* Build configuration list for PBXNativeTarget "Violet AnteaterTests" */;
			buildPhases = (
				AAE787D11F3C8C8A00CE446D /* Sources */,
				AAE787D21F3C8C8A00CE446D /* Frameworks */,
				AAE787D31F3C8C8A00CE446D /* Resources */,
			);
			buildRules = (
			);
			dependencies = (
				AAE787DB1F3C8C8A00CE446D /* PBXTargetDependency */,
			);
			name = "Violet AnteaterTests";
			productName = "Violet AnteaterTests";
			productReference = AAE787D51F3C8C8A00CE446D /* Violet AnteaterTests.xctest */;
			productType = "com.apple.product-type.bundle.unit-test";
		};
/* End PBXNativeTarget section */

/* Begin PBXProject section */
		AA4CEA841F26361000245921 /* Project object */ = {
			isa = PBXProject;
			attributes = {
				LastSwiftUpdateCheck = 0830;
				LastUpgradeCheck = 0830;
				ORGANIZATIONNAME = Iva;
				TargetAttributes = {
					AA4CEA8B1F26361000245921 = {
						CreatedOnToolsVersion = 8.3.3;
						DevelopmentTeam = PN5TA7JVQ2;
						ProvisioningStyle = Automatic;
					};
					AAE787D41F3C8C8A00CE446D = {
						CreatedOnToolsVersion = 8.3.3;
						DevelopmentTeam = PN5TA7JVQ2;
						ProvisioningStyle = Automatic;
						TestTargetID = AA4CEA8B1F26361000245921;
					};
				};
			};
			buildConfigurationList = AA4CEA871F26361000245921 /* Build configuration list for PBXProject "TouchIDDemo" */;
			compatibilityVersion = "Xcode 3.2";
			developmentRegion = English;
			hasScannedForEncodings = 0;
			knownRegions = (
				en,
				Base,
			);
			mainGroup = AA4CEA831F26361000245921;
			productRefGroup = AA4CEA8D1F26361000245921 /* Products */;
			projectDirPath = "";
			projectRoot = "";
			targets = (
				AA4CEA8B1F26361000245921 /* TouchIDDemo */,
				AAE787D41F3C8C8A00CE446D /* Violet AnteaterTests */,
			);
		};
/* End PBXProject section */

/* Begin PBXResourcesBuildPhase section */
		AA4CEA8A1F26361000245921 /* Resources */ = {
			isa = PBXResourcesBuildPhase;
			buildActionMask = 2147483647;
			files = (
				AA4CEA9A1F26361000245921 /* LaunchScreen.storyboard in Resources */,
				AA4CEA971F26361000245921 /* Assets.xcassets in Resources */,
				AA4CEA951F26361000245921 /* Main.storyboard in Resources */,
			);
			runOnlyForDeploymentPostprocessing = 0;
		};
		AAE787D31F3C8C8A00CE446D /* Resources */ = {
			isa = PBXResourcesBuildPhase;
			buildActionMask = 2147483647;
			files = (
			);
			runOnlyForDeploymentPostprocessing = 0;
		};
/* End PBXResourcesBuildPhase section */

/* Begin PBXSourcesBuildPhase section */
		AA4CEA881F26361000245921 /* Sources */ = {
			isa = PBXSourcesBuildPhase;
			buildActionMask = 2147483647;
			files = (
				AAE788231F4306BE00CE446D /* RegOutcome.swift in Sources */,
				AAD61B4A1F44A1D1007A2D12 /* ValidRegistrations.swift in Sources */,
				AAD61B481F4486C1007A2D12 /* ViewController.swift in Sources */,
				AAE787F71F41F80900CE446D /* old.swift in Sources */,
				AAEDA3FD1F66BB9400CB67BB /* Register.swift in Sources */,
				AAE787FC1F42FC9100CE446D /* RegisterDevice.swift in Sources */,
				AAEF2ADE1F618C8700834F26 /* QRScannerViewController.swift in Sources */,
				AAE7881B1F4306BE00CE446D /* Header.swift in Sources */,
				AAE788171F4306BE00CE446D /* Assertions.swift in Sources */,
				AAE788251F4306BE00CE446D /* GetRequest.swift in Sources */,
				AA6ABF231F4740AC00E9C622 /* AuthResponse.swift in Sources */,
				AA6ABF251F47433800E9C622 /* AuthAssertionBuilder.swift in Sources */,
				AAE788291F4306BE00CE446D /* RequestBuilder.swift in Sources */,
				AAE7882B1F4306BE00CE446D /* Tags.swift in Sources */,
				AAE788271F4306BE00CE446D /* RegResponse.swift in Sources */,
				AAE788191F4306BE00CE446D /* RegAssertionsBuilder.swift in Sources */,
				AAE7881D1F4306BE00CE446D /* KeysManipulation.swift in Sources */,
				AA4CEA901F26361000245921 /* AppDelegate.swift in Sources */,
				AAE7882F1F432B9500CE446D /* RegisteredAccountTableViewCell.swift in Sources */,
				AAE788321F432E4500CE446D /* RegisteredAccountTableViewController.swift in Sources */,
				AAE788211F4306BE00CE446D /* RegistrationObject.swift in Sources */,
				AAE7881F1F4306BE00CE446D /* PropertyKeys.swift in Sources */,
				AAE21EAC1F4463C900C8DBE8 /* Errors.swift in Sources */,
				AAE21EAA1F44605C00C8DBE8 /* Constants.swift in Sources */,
				AAD61B4C1F45D2BC007A2D12 /* AuthenticateDevice.swift in Sources */,
				AA6ABF271F4C618900E9C622 /* Utils.swift in Sources */,
			);
			runOnlyForDeploymentPostprocessing = 0;
		};
		AAE787D11F3C8C8A00CE446D /* Sources */ = {
			isa = PBXSourcesBuildPhase;
			buildActionMask = 2147483647;
			files = (
				AAE787FD1F42FC9100CE446D /* RegisterDevice.swift in Sources */,
				AAE787E21F3C8D1600CE446D /* AssertionTests.swift in Sources */,
				AAD61B4D1F45D2BC007A2D12 /* AuthenticateDevice.swift in Sources */,
				AAE788301F432B9500CE446D /* RegisteredAccountTableViewCell.swift in Sources */,
				AAE7882C1F4306BE00CE446D /* Tags.swift in Sources */,
				AAE788181F4306BE00CE446D /* Assertions.swift in Sources */,
				AAE7882A1F4306BE00CE446D /* RequestBuilder.swift in Sources */,
				AAE787D81F3C8C8A00CE446D /* Violet_AnteaterTests.swift in Sources */,
				AAE788221F4306BE00CE446D /* RegistrationObject.swift in Sources */,
				AA6ABF281F4C618900E9C622 /* Utils.swift in Sources */,
				AAE788261F4306BE00CE446D /* GetRequest.swift in Sources */,
				AAE788241F4306BE00CE446D /* RegOutcome.swift in Sources */,
				AAE7881C1F4306BE00CE446D /* Header.swift in Sources */,
				AAE7881E1F4306BE00CE446D /* KeysManipulation.swift in Sources */,
				AAEF2ADF1F618C8700834F26 /* QRScannerViewController.swift in Sources */,
				AAE788281F4306BE00CE446D /* RegResponse.swift in Sources */,
				AAE788201F4306BE00CE446D /* PropertyKeys.swift in Sources */,
				AAE7881A1F4306BE00CE446D /* RegAssertionsBuilder.swift in Sources */,
			);
			runOnlyForDeploymentPostprocessing = 0;
		};
/* End PBXSourcesBuildPhase section */

/* Begin PBXTargetDependency section */
		AAE787DB1F3C8C8A00CE446D /* PBXTargetDependency */ = {
			isa = PBXTargetDependency;
			target = AA4CEA8B1F26361000245921 /* TouchIDDemo */;
			targetProxy = AAE787DA1F3C8C8A00CE446D /* PBXContainerItemProxy */;
		};
/* End PBXTargetDependency section */

/* Begin PBXVariantGroup section */
		AA4CEA931F26361000245921 /* Main.storyboard */ = {
			isa = PBXVariantGroup;
			children = (
				AA4CEA941F26361000245921 /* Base */,
			);
			name = Main.storyboard;
			sourceTree = "<group>";
		};
		AA4CEA981F26361000245921 /* LaunchScreen.storyboard */ = {
			isa = PBXVariantGroup;
			children = (
				AA4CEA991F26361000245921 /* Base */,
			);
			name = LaunchScreen.storyboard;
			sourceTree = "<group>";
		};
/* End PBXVariantGroup section */

/* Begin XCBuildConfiguration section */
		AA4CEA9C1F26361000245921 /* Debug */ = {
			isa = XCBuildConfiguration;
			buildSettings = {
				ALWAYS_SEARCH_USER_PATHS = NO;
				CLANG_ANALYZER_NONNULL = YES;
				CLANG_ANALYZER_NUMBER_OBJECT_CONVERSION = YES_AGGRESSIVE;
				CLANG_CXX_LANGUAGE_STANDARD = "gnu++0x";
				CLANG_CXX_LIBRARY = "libc++";
				CLANG_ENABLE_MODULES = YES;
				CLANG_ENABLE_OBJC_ARC = YES;
				CLANG_WARN_BOOL_CONVERSION = YES;
				CLANG_WARN_CONSTANT_CONVERSION = YES;
				CLANG_WARN_DIRECT_OBJC_ISA_USAGE = YES_ERROR;
				CLANG_WARN_DOCUMENTATION_COMMENTS = YES;
				CLANG_WARN_EMPTY_BODY = YES;
				CLANG_WARN_ENUM_CONVERSION = YES;
				CLANG_WARN_INFINITE_RECURSION = YES;
				CLANG_WARN_INT_CONVERSION = YES;
				CLANG_WARN_OBJC_ROOT_CLASS = YES_ERROR;
				CLANG_WARN_SUSPICIOUS_MOVE = YES;
				CLANG_WARN_UNREACHABLE_CODE = YES;
				CLANG_WARN__DUPLICATE_METHOD_MATCH = YES;
				"CODE_SIGN_IDENTITY[sdk=iphoneos*]" = "iPhone Developer";
				COPY_PHASE_STRIP = NO;
				DEBUG_INFORMATION_FORMAT = dwarf;
				ENABLE_STRICT_OBJC_MSGSEND = YES;
				ENABLE_TESTABILITY = YES;
				GCC_C_LANGUAGE_STANDARD = gnu99;
				GCC_DYNAMIC_NO_PIC = NO;
				GCC_NO_COMMON_BLOCKS = YES;
				GCC_OPTIMIZATION_LEVEL = 0;
				GCC_PREPROCESSOR_DEFINITIONS = (
					"DEBUG=1",
					"$(inherited)",
				);
				GCC_WARN_64_TO_32_BIT_CONVERSION = YES;
				GCC_WARN_ABOUT_RETURN_TYPE = YES_ERROR;
				GCC_WARN_UNDECLARED_SELECTOR = YES;
				GCC_WARN_UNINITIALIZED_AUTOS = YES_AGGRESSIVE;
				GCC_WARN_UNUSED_FUNCTION = YES;
				GCC_WARN_UNUSED_VARIABLE = YES;
				IPHONEOS_DEPLOYMENT_TARGET = 10.3;
				MTL_ENABLE_DEBUG_INFO = YES;
				ONLY_ACTIVE_ARCH = YES;
				SDKROOT = iphoneos;
				SWIFT_ACTIVE_COMPILATION_CONDITIONS = DEBUG;
				SWIFT_OPTIMIZATION_LEVEL = "-Onone";
			};
			name = Debug;
		};
		AA4CEA9D1F26361000245921 /* Release */ = {
			isa = XCBuildConfiguration;
			buildSettings = {
				ALWAYS_SEARCH_USER_PATHS = NO;
				CLANG_ANALYZER_NONNULL = YES;
				CLANG_ANALYZER_NUMBER_OBJECT_CONVERSION = YES_AGGRESSIVE;
				CLANG_CXX_LANGUAGE_STANDARD = "gnu++0x";
				CLANG_CXX_LIBRARY = "libc++";
				CLANG_ENABLE_MODULES = YES;
				CLANG_ENABLE_OBJC_ARC = YES;
				CLANG_WARN_BOOL_CONVERSION = YES;
				CLANG_WARN_CONSTANT_CONVERSION = YES;
				CLANG_WARN_DIRECT_OBJC_ISA_USAGE = YES_ERROR;
				CLANG_WARN_DOCUMENTATION_COMMENTS = YES;
				CLANG_WARN_EMPTY_BODY = YES;
				CLANG_WARN_ENUM_CONVERSION = YES;
				CLANG_WARN_INFINITE_RECURSION = YES;
				CLANG_WARN_INT_CONVERSION = YES;
				CLANG_WARN_OBJC_ROOT_CLASS = YES_ERROR;
				CLANG_WARN_SUSPICIOUS_MOVE = YES;
				CLANG_WARN_UNREACHABLE_CODE = YES;
				CLANG_WARN__DUPLICATE_METHOD_MATCH = YES;
				"CODE_SIGN_IDENTITY[sdk=iphoneos*]" = "iPhone Developer";
				COPY_PHASE_STRIP = NO;
				DEBUG_INFORMATION_FORMAT = "dwarf-with-dsym";
				ENABLE_NS_ASSERTIONS = NO;
				ENABLE_STRICT_OBJC_MSGSEND = YES;
				GCC_C_LANGUAGE_STANDARD = gnu99;
				GCC_NO_COMMON_BLOCKS = YES;
				GCC_WARN_64_TO_32_BIT_CONVERSION = YES;
				GCC_WARN_ABOUT_RETURN_TYPE = YES_ERROR;
				GCC_WARN_UNDECLARED_SELECTOR = YES;
				GCC_WARN_UNINITIALIZED_AUTOS = YES_AGGRESSIVE;
				GCC_WARN_UNUSED_FUNCTION = YES;
				GCC_WARN_UNUSED_VARIABLE = YES;
				IPHONEOS_DEPLOYMENT_TARGET = 10.3;
				MTL_ENABLE_DEBUG_INFO = NO;
				SDKROOT = iphoneos;
				SWIFT_OPTIMIZATION_LEVEL = "-Owholemodule";
				VALIDATE_PRODUCT = YES;
			};
			name = Release;
		};
		AA4CEA9F1F26361000245921 /* Debug */ = {
			isa = XCBuildConfiguration;
			buildSettings = {
				ASSETCATALOG_COMPILER_APPICON_NAME = AppIcon;
				DEVELOPMENT_TEAM = PN5TA7JVQ2;
				FRAMEWORK_SEARCH_PATHS = (
					"$(inherited)",
					"$(PROJECT_DIR)/Carthage/Build/iOS",
				);
				INFOPLIST_FILE = TouchIDDemo/Info.plist;
				LD_RUNPATH_SEARCH_PATHS = "$(inherited) @executable_path/Frameworks";
				PRODUCT_BUNDLE_IDENTIFIER = com.iva.TouchIDDemo;
				PRODUCT_NAME = "Violet Anteater";
				SWIFT_VERSION = 3.0;
			};
			name = Debug;
		};
		AA4CEAA01F26361000245921 /* Release */ = {
			isa = XCBuildConfiguration;
			buildSettings = {
				ASSETCATALOG_COMPILER_APPICON_NAME = AppIcon;
				DEVELOPMENT_TEAM = PN5TA7JVQ2;
				FRAMEWORK_SEARCH_PATHS = (
					"$(inherited)",
					"$(PROJECT_DIR)/Carthage/Build/iOS",
				);
				INFOPLIST_FILE = TouchIDDemo/Info.plist;
				LD_RUNPATH_SEARCH_PATHS = "$(inherited) @executable_path/Frameworks";
				PRODUCT_BUNDLE_IDENTIFIER = com.iva.TouchIDDemo;
				PRODUCT_NAME = "Violet Anteater";
				SWIFT_VERSION = 3.0;
			};
			name = Release;
		};
		AAE787DD1F3C8C8A00CE446D /* Debug */ = {
			isa = XCBuildConfiguration;
			buildSettings = {
				BUNDLE_LOADER = "$(TEST_HOST)";
				DEVELOPMENT_TEAM = PN5TA7JVQ2;
				FRAMEWORK_SEARCH_PATHS = (
					"$(inherited)",
					"$(PROJECT_DIR)/Carthage/Build/iOS",
				);
				INFOPLIST_FILE = "Violet AnteaterTests/Info.plist";
				LD_RUNPATH_SEARCH_PATHS = "$(inherited) @executable_path/Frameworks @loader_path/Frameworks";
				PRODUCT_BUNDLE_IDENTIFIER = "com.iva.Violet-AnteaterTests";
				PRODUCT_NAME = "$(TARGET_NAME)";
				SWIFT_VERSION = 3.0;
				TEST_HOST = "$(BUILT_PRODUCTS_DIR)/Violet Anteater.app/Violet Anteater";
			};
			name = Debug;
		};
		AAE787DE1F3C8C8A00CE446D /* Release */ = {
			isa = XCBuildConfiguration;
			buildSettings = {
				BUNDLE_LOADER = "$(TEST_HOST)";
				DEVELOPMENT_TEAM = PN5TA7JVQ2;
				FRAMEWORK_SEARCH_PATHS = (
					"$(inherited)",
					"$(PROJECT_DIR)/Carthage/Build/iOS",
				);
				INFOPLIST_FILE = "Violet AnteaterTests/Info.plist";
				LD_RUNPATH_SEARCH_PATHS = "$(inherited) @executable_path/Frameworks @loader_path/Frameworks";
				PRODUCT_BUNDLE_IDENTIFIER = "com.iva.Violet-AnteaterTests";
				PRODUCT_NAME = "$(TARGET_NAME)";
				SWIFT_VERSION = 3.0;
				TEST_HOST = "$(BUILT_PRODUCTS_DIR)/Violet Anteater.app/Violet Anteater";
			};
			name = Release;
		};
/* End XCBuildConfiguration section */

/* Begin XCConfigurationList section */
		AA4CEA871F26361000245921 /* Build configuration list for PBXProject "TouchIDDemo" */ = {
			isa = XCConfigurationList;
			buildConfigurations = (
				AA4CEA9C1F26361000245921 /* Debug */,
				AA4CEA9D1F26361000245921 /* Release */,
			);
			defaultConfigurationIsVisible = 0;
			defaultConfigurationName = Release;
		};
		AA4CEA9E1F26361000245921 /* Build configuration list for PBXNativeTarget "TouchIDDemo" */ = {
			isa = XCConfigurationList;
			buildConfigurations = (
				AA4CEA9F1F26361000245921 /* Debug */,
				AA4CEAA01F26361000245921 /* Release */,
			);
			defaultConfigurationIsVisible = 0;
			defaultConfigurationName = Release;
		};
		AAE787DC1F3C8C8A00CE446D /* Build configuration list for PBXNativeTarget "Violet AnteaterTests" */ = {
			isa = XCConfigurationList;
			buildConfigurations = (
				AAE787DD1F3C8C8A00CE446D /* Debug */,
				AAE787DE1F3C8C8A00CE446D /* Release */,
			);
			defaultConfigurationIsVisible = 0;
			defaultConfigurationName = Release;
		};
/* End XCConfigurationList section */
	};
	rootObject = AA4CEA841F26361000245921 /* Project object */;
}
